{
  "requires": true,
  "lockfileVersion": 1,
  "dependencies": {
    "almond": {
      "version": "0.3.3",
      "resolved": "https://registry.npmjs.org/almond/-/almond-0.3.3.tgz",
      "integrity": "sha1-oOfJWsdiTWQXtElLHmi/9pMWiiA="
    },
    "bespoke-toolkit": {
      "version": "0.3.4",
      "resolved": "https://registry.npmjs.org/bespoke-toolkit/-/bespoke-toolkit-0.3.4.tgz",
      "integrity": "sha512-ut03ViH9vw0xrULisMv9VxuNU5uVMtDcoA0yOFZbjl0w3T3fmLyujo8F9N2bOE6Hnp5c/CVIEPBpbJZr1c1w1Q=="
    },
    "decode-uri-component": {
      "version": "0.2.0",
      "resolved": "https://registry.npmjs.org/decode-uri-component/-/decode-uri-component-0.2.0.tgz",
      "integrity": "sha1-6zkTMzRYd1y4TNGh+uBiEGu4dUU="
    },
    "fitvids": {
      "version": "2.0.0",
      "resolved": "https://registry.npmjs.org/fitvids/-/fitvids-2.0.0.tgz",
      "integrity": "sha1-t7t6GduD+gIan5gLbwLoKy42Ysg="
    },
    "jquery": {
      "version": "3.3.1",
      "resolved": "https://registry.npmjs.org/jquery/-/jquery-3.3.1.tgz",
      "integrity": "sha512-Ubldcmxp5np52/ENotGxlLe6aGMvmF4R8S6tZjsP6Knsaxd/xp3Zrh50cG93lR6nPXyUFwzN3ZSOQI0wRJNdGg=="
    },
    "jquery-mousewheel": {
      "version": "3.1.13",
      "resolved": "https://registry.npmjs.org/jquery-mousewheel/-/jquery-mousewheel-3.1.13.tgz",
      "integrity": "sha1-BvAzXxbjU6aV5yBr9QUDy1I6buU="
    },
    "object-assign": {
      "version": "4.1.1",
      "resolved": "https://registry.npmjs.org/object-assign/-/object-assign-4.1.1.tgz",
      "integrity": "sha1-IQmtx5ZYh8/AXLvUQsrIv7s2CGM="
    },
    "parsleyjs": {
      "version": "2.7.2",
      "resolved": "https://registry.npmjs.org/parsleyjs/-/parsleyjs-2.7.2.tgz",
      "integrity": "sha1-jmTiopdc4EVe2sxFyxhn0IhfymY=",
      "requires": {
        "jquery": "3.3.1"
      }
    },
    "query-string": {
      "version": "5.0.0",
      "resolved": "https://registry.npmjs.org/query-string/-/query-string-5.0.0.tgz",
      "integrity": "sha1-+99wBLTSr/eS+YcZgbeieU9VWUc=",
      "requires": {
        "decode-uri-component": "0.2.0",
        "object-assign": "4.1.1",
        "strict-uri-encode": "1.1.0"
      }
    },
    "select2": {
      "version": "4.0.5",
      "resolved": "https://registry.npmjs.org/select2/-/select2-4.0.5.tgz",
      "integrity": "sha1-eqxQaSVhmFs007guxV4ib4lg1Ao=",
      "requires": {
        "almond": "0.3.3",
        "jquery-mousewheel": "3.1.13"
      }
    },
    "slick-carousel": {
      "version": "1.8.1",
      "resolved": "https://registry.npmjs.org/slick-carousel/-/slick-carousel-1.8.1.tgz",
      "integrity": "sha512-XB9Ftrf2EEKfzoQXt3Nitrt/IPbT+f1fgqBdoxO3W/+JYvtEOW6EgxnWfr9GH6nmULv7Y2tPmEX3koxThVmebA=="
    },
    "strict-uri-encode": {
      "version": "1.1.0",
      "resolved": "https://registry.npmjs.org/strict-uri-encode/-/strict-uri-encode-1.1.0.tgz",
      "integrity": "sha1-J5siXfHVgrH1TmWt3UNS4Y+qBxM="
    }
  }
}
